
Microsoft Visual Studio Solution File, Format Version 12.00
# Visual Studio 15
VisualStudioVersion = 15.0.27130.2024
MinimumVisualStudioVersion = 10.0.40219.1
Project("{9A19103F-16F7-4668-BE54-9A1E7A4F7556}") = "brechtbaekelandt"
EndProject
Global
	GlobalSection(SolutionConfigurationPlatforms) = preSolution
		Debug|Any CPU = Debug|Any CPU
		Release|Any CPU = Release|Any CPU
	EndGlobalSection
	GlobalSection(ProjectConfigurationPlatforms) = postSolution
		{11BE445A-CE12-4DB1-83D0-09D9F7229A1D}.Debug|Any CPU.ActiveCfg = Debug|Any CPU
		{11BE445A-CE12-4DB1-83D0-09D9F7229A1D}.Debug|Any CPU.Build.0 = Debug|Any CPU
		{11BE445A-CE12-4DB1-83D0-09D9F7229A1D}.Release|Any CPU.ActiveCfg = Release|Any CPU
		{11BE445A-CE12-4DB1-83D0-09D9F7229A1D}.Release|Any CPU.Build.0 = Release|Any CPU
	EndGlobalSection
	GlobalSection(SolutionProperties) = preSolution
		HideSolutionNode = FALSE
	EndGlobalSection
	GlobalSection(ExtensibilityGlobals) = postSolution
		SolutionGuid = {204F8F34-4891-4F12-8CE4-169386414655}
	EndGlobalSection
EndGlobal
